
Microsoft Visual Studio Solution File, Format Version 12.00
# Visual Studio Version 16
VisualStudioVersion = 16.0.33927.289
MinimumVisualStudioVersion = 10.0.40219.1
Project("{2150E333-8FDC-42A3-9474-1A3956D46DE8}") = "Task0", "Task0", "{64DD35E7-6623-4664-8A89-1F513073DEFB}"
EndProject
Project("{FAE04EC0-301F-11D3-BF4B-00C04F79EFBC}") = "Tyuiu.YagodinVA.Sprint0.Task0.V0", "Tyuiu.YagodinVA.Sprint0.Task0.V0\Tyuiu.YagodinVA.Sprint0.Task0.V0.csproj", "{F7C4CD22-9604-47B8-A070-205157EA980B}"
EndProject
Project("{2150E333-8FDC-42A3-9474-1A3956D46DE8}") = "Task3", "Task3", "{B6E9D33A-54FD-4912-8D9F-EFF64353B9E1}"
EndProject
Project("{2150E333-8FDC-42A3-9474-1A3956D46DE8}") = "task2", "task2", "{43E5E4C3-BE32-4F6D-82FB-040AF47AFF69}"
EndProject
Project("{FAE04EC0-301F-11D3-BF4B-00C04F79EFBC}") = "Tyuiu.YagodinVA.Sprint0.Task2.V0", "Tyuiu.YagodinVA.Sprint0.Task2.V0\Tyuiu.YagodinVA.Sprint0.Task2.V0.csproj", "{6B0E8E69-4B93-4C2F-B042-4E64A36CE61A}"
EndProject
Project("{FAE04EC0-301F-11D3-BF4B-00C04F79EFBC}") = "Tyuiu.YagodinVA.Sprint0.V0.Lib", "Tyuiu.YagodinVA.Sprint0.V0.Lib\Tyuiu.YagodinVA.Sprint0.V0.Lib.csproj", "{A55C725E-0638-4A27-859F-CD1577777CEE}"
EndProject
Project("{FAE04EC0-301F-11D3-BF4B-00C04F79EFBC}") = "Tyuiu.YagodinVA.Sprint0.Task2.V0.Test", "Tyuiu.YagodinVA.Sprint0.Task2.V0.Test\Tyuiu.YagodinVA.Sprint0.Task2.V0.Test.csproj", "{F427650D-BCE4-48B2-A596-F95E5651D87B}"
EndProject
Project("{2150E333-8FDC-42A3-9474-1A3956D46DE8}") = "Task1", "Task1", "{C8D4F0E7-A181-45A7-ACA9-34E1F948BACF}"
EndProject
Project("{FAE04EC0-301F-11D3-BF4B-00C04F79EFBC}") = "Tyuiu.YagodinVA.Sprint0.Task1.V0", "Tyuiu.YagodinVA.Sprint0.Task1.V0\Tyuiu.YagodinVA.Sprint0.Task1.V0.csproj", "{3F41B444-6DAD-43F0-B437-CC9578B980D8}"
EndProject
Project("{FAE04EC0-301F-11D3-BF4B-00C04F79EFBC}") = "Tyuiu.YagodinVA.Sprint0.Task3.V0", "Tyuiu.YagodinVA.Sprint0.Task3.V0\Tyuiu.YagodinVA.Sprint0.Task3.V0.csproj", "{274779CE-8931-426C-ABCC-C13ECA30B7E7}"
EndProject
Project("{FAE04EC0-301F-11D3-BF4B-00C04F79EFBC}") = "Tyuiu.YagodinVA.Sprint0.Task3.V0.Lib", "Tyuiu.YagodinVA.Sprint0.Task3.V0.Lib\Tyuiu.YagodinVA.Sprint0.Task3.V0.Lib.csproj", "{C3391CFF-5E5F-4E2B-9A40-8544049B9FC7}"
EndProject
Project("{FAE04EC0-301F-11D3-BF4B-00C04F79EFBC}") = "Tyuiu.YagodinVA.Sprint0.Task3.V0.Test", "Tyuiu.YagodinVA.Sprint0.Task3.V0.Test\Tyuiu.YagodinVA.Sprint0.Task3.V0.Test.csproj", "{496931CE-1258-4231-990E-06F628485863}"
EndProject
Project("{2150E333-8FDC-42A3-9474-1A3956D46DE8}") = "Task4", "Task4", "{391A31FC-8F45-42F4-990C-1D84D18C5739}"
EndProject
Project("{FAE04EC0-301F-11D3-BF4B-00C04F79EFBC}") = "Tyuiu.YagodinVA.Sprint0.Task4.V0", "Tyuiu.YagodinVA.Sprint0.Task4.V0\Tyuiu.YagodinVA.Sprint0.Task4.V0.csproj", "{00B171DF-6CAC-4EC2-93D4-8773A167061C}"
EndProject
Project("{FAE04EC0-301F-11D3-BF4B-00C04F79EFBC}") = "Tyuiu.YagodinVA.Sprint0.Task4.V0.Lib", "Tyuiu.YagodinVA.Sprint0.Task4.V0.Lib\Tyuiu.YagodinVA.Sprint0.Task4.V0.Lib.csproj", "{F6D81CDF-5A47-45CF-8ECD-A4E461DB9669}"
EndProject
Project("{FAE04EC0-301F-11D3-BF4B-00C04F79EFBC}") = "Tyuiu.YagodinVA.Sprint0.Task4.V0.Test", "Tyuiu.YagodinVA.Sprint0.Task4.V0.Test\Tyuiu.YagodinVA.Sprint0.Task4.V0.Test.csproj", "{B3F87164-C082-41EF-A042-9BBEE2B797D4}"
EndProject
Project("{2150E333-8FDC-42A3-9474-1A3956D46DE8}") = "Task5", "Task5", "{3E0A3FA7-264D-4F84-8DB4-2354496779EA}"
EndProject
Project("{FAE04EC0-301F-11D3-BF4B-00C04F79EFBC}") = "Tyuiu.YagodinVA.Sprint0.Task5.V0", "Tyuiu.YagodinVA.Sprint0.Task5.V0\Tyuiu.YagodinVA.Sprint0.Task5.V0.csproj", "{B76F78FC-DC1C-481B-9002-EF9B749A62CD}"
EndProject
Project("{FAE04EC0-301F-11D3-BF4B-00C04F79EFBC}") = "Tyuiu.YagodinVA.Sprint0.Task5.V0.Lib", "Tyuiu.YagodinVA.Sprint0.Task5.V0.Lib\Tyuiu.YagodinVA.Sprint0.Task5.V0.Lib.csproj", "{72E1B890-11A1-4E81-9BD8-15D6770F92EC}"
EndProject
Project("{FAE04EC0-301F-11D3-BF4B-00C04F79EFBC}") = "Tyuiu.YagodinVA.Sprint0.Task5.V0.Test", "Tyuiu.YagodinVA.Sprint0.Task5.V0.Test\Tyuiu.YagodinVA.Sprint0.Task5.V0.Test.csproj", "{5A1EF27B-0B06-46E0-959C-79439CA51720}"
EndProject
Project("{2150E333-8FDC-42A3-9474-1A3956D46DE8}") = "Task6", "Task6", "{8C7EE4C9-5D8C-4F0A-881C-4F0B95DC452A}"
EndProject
Project("{FAE04EC0-301F-11D3-BF4B-00C04F79EFBC}") = "Tyuiu.YagodinVA.Sprint0.Task6.V0", "Tyuiu.YagodinVA.Sprint0.Task6.V0\Tyuiu.YagodinVA.Sprint0.Task6.V0.csproj", "{E06F4FD8-2A2A-40DC-8391-F157E7B2B911}"
EndProject
Project("{FAE04EC0-301F-11D3-BF4B-00C04F79EFBC}") = "Tyuiu.YagodinVA.Sprint0.Task6.V0.Lib", "Tyuiu.YagodinVA.Sprint0.Task6.V0.Lib\Tyuiu.YagodinVA.Sprint0.Task6.V0.Lib.csproj", "{2832DE2D-72E7-4BEA-82E6-D8BEC2380CEE}"
EndProject
Project("{FAE04EC0-301F-11D3-BF4B-00C04F79EFBC}") = "Tyuiu.YagodinVA.Sprint0.Task6.V0.Test", "Tyuiu.YagodinVA.Sprint0.Task6.V0.Test\Tyuiu.YagodinVA.Sprint0.Task6.V0.Test.csproj", "{17DA42FD-77C3-4D88-9396-410AAD821049}"
EndProject
Project("{2150E333-8FDC-42A3-9474-1A3956D46DE8}") = "NewFolder1", "NewFolder1", "{AA578CA9-44BC-4B26-A25F-C63F91303AAA}"
EndProject
Project("{FAE04EC0-301F-11D3-BF4B-00C04F79EFBC}") = "Tyuiu.YagodinVA.Sprint0.Task7.V0", "Tyuiu.YagodinVA.Sprint0.Task7.V0\Tyuiu.YagodinVA.Sprint0.Task7.V0.csproj", "{C18F4610-BA6E-4180-A025-081CD93E30B2}"
EndProject
Project("{FAE04EC0-301F-11D3-BF4B-00C04F79EFBC}") = "Tyuiu.YagodinVA.Sprint0.Task7.V0.Lib", "Tyuiu.YagodinVA.Sprint0.Task7.V0.Lib\Tyuiu.YagodinVA.Sprint0.Task7.V0.Lib.csproj", "{0424C925-4347-4DEC-8751-0B86464AF04B}"
EndProject
Project("{FAE04EC0-301F-11D3-BF4B-00C04F79EFBC}") = "Tyuiu.YagodinVA.Sprint0.Task7.V0.Test", "Tyuiu.YagodinVA.Sprint0.Task7.V0.Test\Tyuiu.YagodinVA.Sprint0.Task7.V0.Test.csproj", "{A2392E03-E46B-4E14-8493-3D4228FD0A3D}"
EndProject
Global
	GlobalSection(SolutionConfigurationPlatforms) = preSolution
		Debug|Any CPU = Debug|Any CPU
		Release|Any CPU = Release|Any CPU
	EndGlobalSection
	GlobalSection(ProjectConfigurationPlatforms) = postSolution
		{F7C4CD22-9604-47B8-A070-205157EA980B}.Debug|Any CPU.ActiveCfg = Debug|Any CPU
		{F7C4CD22-9604-47B8-A070-205157EA980B}.Debug|Any CPU.Build.0 = Debug|Any CPU
		{F7C4CD22-9604-47B8-A070-205157EA980B}.Release|Any CPU.ActiveCfg = Release|Any CPU
		{F7C4CD22-9604-47B8-A070-205157EA980B}.Release|Any CPU.Build.0 = Release|Any CPU
		{6B0E8E69-4B93-4C2F-B042-4E64A36CE61A}.Debug|Any CPU.ActiveCfg = Debug|Any CPU
		{6B0E8E69-4B93-4C2F-B042-4E64A36CE61A}.Debug|Any CPU.Build.0 = Debug|Any CPU
		{6B0E8E69-4B93-4C2F-B042-4E64A36CE61A}.Release|Any CPU.ActiveCfg = Release|Any CPU
		{6B0E8E69-4B93-4C2F-B042-4E64A36CE61A}.Release|Any CPU.Build.0 = Release|Any CPU
		{A55C725E-0638-4A27-859F-CD1577777CEE}.Debug|Any CPU.ActiveCfg = Debug|Any CPU
		{A55C725E-0638-4A27-859F-CD1577777CEE}.Debug|Any CPU.Build.0 = Debug|Any CPU
		{A55C725E-0638-4A27-859F-CD1577777CEE}.Release|Any CPU.ActiveCfg = Release|Any CPU
		{A55C725E-0638-4A27-859F-CD1577777CEE}.Release|Any CPU.Build.0 = Release|Any CPU
		{F427650D-BCE4-48B2-A596-F95E5651D87B}.Debug|Any CPU.ActiveCfg = Debug|Any CPU
		{F427650D-BCE4-48B2-A596-F95E5651D87B}.Debug|Any CPU.Build.0 = Debug|Any CPU
		{F427650D-BCE4-48B2-A596-F95E5651D87B}.Release|Any CPU.ActiveCfg = Release|Any CPU
		{F427650D-BCE4-48B2-A596-F95E5651D87B}.Release|Any CPU.Build.0 = Release|Any CPU
		{3F41B444-6DAD-43F0-B437-CC9578B980D8}.Debug|Any CPU.ActiveCfg = Debug|Any CPU
		{3F41B444-6DAD-43F0-B437-CC9578B980D8}.Debug|Any CPU.Build.0 = Debug|Any CPU
		{3F41B444-6DAD-43F0-B437-CC9578B980D8}.Release|Any CPU.ActiveCfg = Release|Any CPU
		{3F41B444-6DAD-43F0-B437-CC9578B980D8}.Release|Any CPU.Build.0 = Release|Any CPU
		{274779CE-8931-426C-ABCC-C13ECA30B7E7}.Debug|Any CPU.ActiveCfg = Debug|Any CPU
		{274779CE-8931-426C-ABCC-C13ECA30B7E7}.Debug|Any CPU.Build.0 = Debug|Any CPU
		{274779CE-8931-426C-ABCC-C13ECA30B7E7}.Release|Any CPU.ActiveCfg = Release|Any CPU
		{274779CE-8931-426C-ABCC-C13ECA30B7E7}.Release|Any CPU.Build.0 = Release|Any CPU
		{C3391CFF-5E5F-4E2B-9A40-8544049B9FC7}.Debug|Any CPU.ActiveCfg = Debug|Any CPU
		{C3391CFF-5E5F-4E2B-9A40-8544049B9FC7}.Debug|Any CPU.Build.0 = Debug|Any CPU
		{C3391CFF-5E5F-4E2B-9A40-8544049B9FC7}.Release|Any CPU.ActiveCfg = Release|Any CPU
		{C3391CFF-5E5F-4E2B-9A40-8544049B9FC7}.Release|Any CPU.Build.0 = Release|Any CPU
		{496931CE-1258-4231-990E-06F628485863}.Debug|Any CPU.ActiveCfg = Debug|Any CPU
		{496931CE-1258-4231-990E-06F628485863}.Debug|Any CPU.Build.0 = Debug|Any CPU
		{496931CE-1258-4231-990E-06F628485863}.Release|Any CPU.ActiveCfg = Release|Any CPU
		{496931CE-1258-4231-990E-06F628485863}.Release|Any CPU.Build.0 = Release|Any CPU
		{00B171DF-6CAC-4EC2-93D4-8773A167061C}.Debug|Any CPU.ActiveCfg = Debug|Any CPU
		{00B171DF-6CAC-4EC2-93D4-8773A167061C}.Debug|Any CPU.Build.0 = Debug|Any CPU
		{00B171DF-6CAC-4EC2-93D4-8773A167061C}.Release|Any CPU.ActiveCfg = Release|Any CPU
		{00B171DF-6CAC-4EC2-93D4-8773A167061C}.Release|Any CPU.Build.0 = Release|Any CPU
		{F6D81CDF-5A47-45CF-8ECD-A4E461DB9669}.Debug|Any CPU.ActiveCfg = Debug|Any CPU
		{F6D81CDF-5A47-45CF-8ECD-A4E461DB9669}.Debug|Any CPU.Build.0 = Debug|Any CPU
		{F6D81CDF-5A47-45CF-8ECD-A4E461DB9669}.Release|Any CPU.ActiveCfg = Release|Any CPU
		{F6D81CDF-5A47-45CF-8ECD-A4E461DB9669}.Release|Any CPU.Build.0 = Release|Any CPU
		{B3F87164-C082-41EF-A042-9BBEE2B797D4}.Debug|Any CPU.ActiveCfg = Debug|Any CPU
		{B3F87164-C082-41EF-A042-9BBEE2B797D4}.Debug|Any CPU.Build.0 = Debug|Any CPU
		{B3F87164-C082-41EF-A042-9BBEE2B797D4}.Release|Any CPU.ActiveCfg = Release|Any CPU
		{B3F87164-C082-41EF-A042-9BBEE2B797D4}.Release|Any CPU.Build.0 = Release|Any CPU
		{B76F78FC-DC1C-481B-9002-EF9B749A62CD}.Debug|Any CPU.ActiveCfg = Debug|Any CPU
		{B76F78FC-DC1C-481B-9002-EF9B749A62CD}.Debug|Any CPU.Build.0 = Debug|Any CPU
		{B76F78FC-DC1C-481B-9002-EF9B749A62CD}.Release|Any CPU.ActiveCfg = Release|Any CPU
		{B76F78FC-DC1C-481B-9002-EF9B749A62CD}.Release|Any CPU.Build.0 = Release|Any CPU
		{72E1B890-11A1-4E81-9BD8-15D6770F92EC}.Debug|Any CPU.ActiveCfg = Debug|Any CPU
		{72E1B890-11A1-4E81-9BD8-15D6770F92EC}.Debug|Any CPU.Build.0 = Debug|Any CPU
		{72E1B890-11A1-4E81-9BD8-15D6770F92EC}.Release|Any CPU.ActiveCfg = Release|Any CPU
		{72E1B890-11A1-4E81-9BD8-15D6770F92EC}.Release|Any CPU.Build.0 = Release|Any CPU
		{5A1EF27B-0B06-46E0-959C-79439CA51720}.Debug|Any CPU.ActiveCfg = Debug|Any CPU
		{5A1EF27B-0B06-46E0-959C-79439CA51720}.Debug|Any CPU.Build.0 = Debug|Any CPU
		{5A1EF27B-0B06-46E0-959C-79439CA51720}.Release|Any CPU.ActiveCfg = Release|Any CPU
		{5A1EF27B-0B06-46E0-959C-79439CA51720}.Release|Any CPU.Build.0 = Release|Any CPU
		{E06F4FD8-2A2A-40DC-8391-F157E7B2B911}.Debug|Any CPU.ActiveCfg = Debug|Any CPU
		{E06F4FD8-2A2A-40DC-8391-F157E7B2B911}.Debug|Any CPU.Build.0 = Debug|Any CPU
		{E06F4FD8-2A2A-40DC-8391-F157E7B2B911}.Release|Any CPU.ActiveCfg = Release|Any CPU
		{E06F4FD8-2A2A-40DC-8391-F157E7B2B911}.Release|Any CPU.Build.0 = Release|Any CPU
		{2832DE2D-72E7-4BEA-82E6-D8BEC2380CEE}.Debug|Any CPU.ActiveCfg = Debug|Any CPU
		{2832DE2D-72E7-4BEA-82E6-D8BEC2380CEE}.Debug|Any CPU.Build.0 = Debug|Any CPU
		{2832DE2D-72E7-4BEA-82E6-D8BEC2380CEE}.Release|Any CPU.ActiveCfg = Release|Any CPU
		{2832DE2D-72E7-4BEA-82E6-D8BEC2380CEE}.Release|Any CPU.Build.0 = Release|Any CPU
		{17DA42FD-77C3-4D88-9396-410AAD821049}.Debug|Any CPU.ActiveCfg = Debug|Any CPU
		{17DA42FD-77C3-4D88-9396-410AAD821049}.Debug|Any CPU.Build.0 = Debug|Any CPU
		{17DA42FD-77C3-4D88-9396-410AAD821049}.Release|Any CPU.ActiveCfg = Release|Any CPU
		{17DA42FD-77C3-4D88-9396-410AAD821049}.Release|Any CPU.Build.0 = Release|Any CPU
		{C18F4610-BA6E-4180-A025-081CD93E30B2}.Debug|Any CPU.ActiveCfg = Debug|Any CPU
		{C18F4610-BA6E-4180-A025-081CD93E30B2}.Debug|Any CPU.Build.0 = Debug|Any CPU
		{C18F4610-BA6E-4180-A025-081CD93E30B2}.Release|Any CPU.ActiveCfg = Release|Any CPU
		{C18F4610-BA6E-4180-A025-081CD93E30B2}.Release|Any CPU.Build.0 = Release|Any CPU
		{0424C925-4347-4DEC-8751-0B86464AF04B}.Debug|Any CPU.ActiveCfg = Debug|Any CPU
		{0424C925-4347-4DEC-8751-0B86464AF04B}.Debug|Any CPU.Build.0 = Debug|Any CPU
		{0424C925-4347-4DEC-8751-0B86464AF04B}.Release|Any CPU.ActiveCfg = Release|Any CPU
		{0424C925-4347-4DEC-8751-0B86464AF04B}.Release|Any CPU.Build.0 = Release|Any CPU
		{A2392E03-E46B-4E14-8493-3D4228FD0A3D}.Debug|Any CPU.ActiveCfg = Debug|Any CPU
		{A2392E03-E46B-4E14-8493-3D4228FD0A3D}.Debug|Any CPU.Build.0 = Debug|Any CPU
		{A2392E03-E46B-4E14-8493-3D4228FD0A3D}.Release|Any CPU.ActiveCfg = Release|Any CPU
		{A2392E03-E46B-4E14-8493-3D4228FD0A3D}.Release|Any CPU.Build.0 = Release|Any CPU
	EndGlobalSection
	GlobalSection(SolutionProperties) = preSolution
		HideSolutionNode = FALSE
	EndGlobalSection
	GlobalSection(NestedProjects) = preSolution
		{F7C4CD22-9604-47B8-A070-205157EA980B} = {AA578CA9-44BC-4B26-A25F-C63F91303AAA}
		{6B0E8E69-4B93-4C2F-B042-4E64A36CE61A} = {43E5E4C3-BE32-4F6D-82FB-040AF47AFF69}
		{A55C725E-0638-4A27-859F-CD1577777CEE} = {43E5E4C3-BE32-4F6D-82FB-040AF47AFF69}
		{F427650D-BCE4-48B2-A596-F95E5651D87B} = {43E5E4C3-BE32-4F6D-82FB-040AF47AFF69}
		{3F41B444-6DAD-43F0-B437-CC9578B980D8} = {C8D4F0E7-A181-45A7-ACA9-34E1F948BACF}
		{274779CE-8931-426C-ABCC-C13ECA30B7E7} = {B6E9D33A-54FD-4912-8D9F-EFF64353B9E1}
		{C3391CFF-5E5F-4E2B-9A40-8544049B9FC7} = {B6E9D33A-54FD-4912-8D9F-EFF64353B9E1}
		{496931CE-1258-4231-990E-06F628485863} = {B6E9D33A-54FD-4912-8D9F-EFF64353B9E1}
		{00B171DF-6CAC-4EC2-93D4-8773A167061C} = {391A31FC-8F45-42F4-990C-1D84D18C5739}
		{F6D81CDF-5A47-45CF-8ECD-A4E461DB9669} = {391A31FC-8F45-42F4-990C-1D84D18C5739}
		{B3F87164-C082-41EF-A042-9BBEE2B797D4} = {391A31FC-8F45-42F4-990C-1D84D18C5739}
		{B76F78FC-DC1C-481B-9002-EF9B749A62CD} = {3E0A3FA7-264D-4F84-8DB4-2354496779EA}
		{72E1B890-11A1-4E81-9BD8-15D6770F92EC} = {3E0A3FA7-264D-4F84-8DB4-2354496779EA}
		{5A1EF27B-0B06-46E0-959C-79439CA51720} = {3E0A3FA7-264D-4F84-8DB4-2354496779EA}
		{E06F4FD8-2A2A-40DC-8391-F157E7B2B911} = {8C7EE4C9-5D8C-4F0A-881C-4F0B95DC452A}
		{2832DE2D-72E7-4BEA-82E6-D8BEC2380CEE} = {8C7EE4C9-5D8C-4F0A-881C-4F0B95DC452A}
		{17DA42FD-77C3-4D88-9396-410AAD821049} = {8C7EE4C9-5D8C-4F0A-881C-4F0B95DC452A}
		{C18F4610-BA6E-4180-A025-081CD93E30B2} = {AA578CA9-44BC-4B26-A25F-C63F91303AAA}
		{0424C925-4347-4DEC-8751-0B86464AF04B} = {AA578CA9-44BC-4B26-A25F-C63F91303AAA}
		{A2392E03-E46B-4E14-8493-3D4228FD0A3D} = {AA578CA9-44BC-4B26-A25F-C63F91303AAA}
	EndGlobalSection
	GlobalSection(ExtensibilityGlobals) = postSolution
		SolutionGuid = {C51972CF-6256-49F1-8E24-F18DA1573BBB}
	EndGlobalSection
EndGlobal
